// !$*UTF8*$!
{
	archiveVersion = 1;
	classes = {
	};
	objectVersion = 46;
	objects = {

/* Begin PBXBuildFile section */
		6A43BE4C1C95B843006EAF3F /* AppDelegate.swift in Sources */ = {isa = PBXBuildFile; fileRef = 6A43BE4B1C95B843006EAF3F /* AppDelegate.swift */; };
		6A43BE4E1C95B843006EAF3F /* ViewController.swift in Sources */ = {isa = PBXBuildFile; fileRef = 6A43BE4D1C95B843006EAF3F /* ViewController.swift */; };
		6A43BE511C95B843006EAF3F /* Main.storyboard in Resources */ = {isa = PBXBuildFile; fileRef = 6A43BE4F1C95B843006EAF3F /* Main.storyboard */; };
		6A43BE531C95B843006EAF3F /* Assets.xcassets in Resources */ = {isa = PBXBuildFile; fileRef = 6A43BE521C95B843006EAF3F /* Assets.xcassets */; };
		6A43BE561C95B843006EAF3F /* LaunchScreen.storyboard in Resources */ = {isa = PBXBuildFile; fileRef = 6A43BE541C95B843006EAF3F /* LaunchScreen.storyboard */; };
		6A43BE611C95B843006EAF3F /* FunFactsTests.swift in Sources */ = {isa = PBXBuildFile; fileRef = 6A43BE601C95B843006EAF3F /* FunFactsTests.swift */; };
		6ABCBD2C1CA69437003DA6B0 /* FactModel.swift in Sources */ = {isa = PBXBuildFile; fileRef = 6ABCBD2B1CA69437003DA6B0 /* FactModel.swift */; };
		6ABCBD2E1CA96E07003DA6B0 /* ColorModel.swift in Sources */ = {isa = PBXBuildFile; fileRef = 6ABCBD2D1CA96E07003DA6B0 /* ColorModel.swift */; };
/* End PBXBuildFile section */

/* Begin PBXContainerItemProxy section */
		6A43BE5D1C95B843006EAF3F /* PBXContainerItemProxy */ = {
			isa = PBXContainerItemProxy;
			containerPortal = 6A43BE401C95B843006EAF3F /* Project object */;
			proxyType = 1;
			remoteGlobalIDString = 6A43BE471C95B843006EAF3F;
			remoteInfo = FunFacts;
		};
/* End PBXContainerItemProxy section */

/* Begin PBXFileReference section */
		6A43BE481C95B843006EAF3F /* FunFacts.app */ = {isa = PBXFileReference; explicitFileType = wrapper.application; includeInIndex = 0; path = FunFacts.app; sourceTree = BUILT_PRODUCTS_DIR; };
		6A43BE4B1C95B843006EAF3F /* AppDelegate.swift */ = {isa = PBXFileReference; lastKnownFileType = sourcecode.swift; path = AppDelegate.swift; sourceTree = "<group>"; };
		6A43BE4D1C95B843006EAF3F /* ViewController.swift */ = {isa = PBXFileReference; lastKnownFileType = sourcecode.swift; path = ViewController.swift; sourceTree = "<group>"; };
		6A43BE501C95B843006EAF3F /* Base */ = {isa = PBXFileReference; lastKnownFileType = file.storyboard; name = Base; path = Base.lproj/Main.storyboard; sourceTree = "<group>"; };
		6A43BE521C95B843006EAF3F /* Assets.xcassets */ = {isa = PBXFileReference; lastKnownFileType = folder.assetcatalog; path = Assets.xcassets; sourceTree = "<group>"; };
		6A43BE551C95B843006EAF3F /* Base */ = {isa = PBXFileReference; lastKnownFileType = file.storyboard; name = Base; path = Base.lproj/LaunchScreen.storyboard; sourceTree = "<group>"; };
		6A43BE571C95B843006EAF3F /* Info.plist */ = {isa = PBXFileReference; lastKnownFileType = text.plist.xml; path = Info.plist; sourceTree = "<group>"; };
		6A43BE5C1C95B843006EAF3F /* FunFactsTests.xctest */ = {isa = PBXFileReference; explicitFileType = wrapper.cfbundle; includeInIndex = 0; path = FunFactsTests.xctest; sourceTree = BUILT_PRODUCTS_DIR; };
		6A43BE601C95B843006EAF3F /* FunFactsTests.swift */ = {isa = PBXFileReference; lastKnownFileType = sourcecode.swift; path = FunFactsTests.swift; sourceTree = "<group>"; };
		6A43BE621C95B843006EAF3F /* Info.plist */ = {isa = PBXFileReference; lastKnownFileType = text.plist.xml; path = Info.plist; sourceTree = "<group>"; };
		6ABCBD2B1CA69437003DA6B0 /* FactModel.swift */ = {isa = PBXFileReference; fileEncoding = 4; lastKnownFileType = sourcecode.swift; path = FactModel.swift; sourceTree = "<group>"; };
		6ABCBD2D1CA96E07003DA6B0 /* ColorModel.swift */ = {isa = PBXFileReference; fileEncoding = 4; lastKnownFileType = sourcecode.swift; path = ColorModel.swift; sourceTree = "<group>"; };
/* End PBXFileReference section */

/* Begin PBXFrameworksBuildPhase section */
		6A43BE451C95B843006EAF3F /* Frameworks */ = {
			isa = PBXFrameworksBuildPhase;
			buildActionMask = 2147483647;
			files = (
			);
			runOnlyForDeploymentPostprocessing = 0;
		};
		6A43BE591C95B843006EAF3F /* Frameworks */ = {
			isa = PBXFrameworksBuildPhase;
			buildActionMask = 2147483647;
			files = (
			);
			runOnlyForDeploymentPostprocessing = 0;
		};
/* End PBXFrameworksBuildPhase section */

/* Begin PBXGroup section */
		6A43BE3F1C95B843006EAF3F = {
			isa = PBXGroup;
			children = (
				6A43BE4A1C95B843006EAF3F /* FunFacts */,
				6A43BE5F1C95B843006EAF3F /* FunFactsTests */,
				6A43BE491C95B843006EAF3F /* Products */,
			);
			sourceTree = "<group>";
		};
		6A43BE491C95B843006EAF3F /* Products */ = {
			isa = PBXGroup;
			children = (
				6A43BE481C95B843006EAF3F /* FunFacts.app */,
				6A43BE5C1C95B843006EAF3F /* FunFactsTests.xctest */,
			);
			name = Products;
			sourceTree = "<group>";
		};
		6A43BE4A1C95B843006EAF3F /* FunFacts */ = {
			isa = PBXGroup;
			children = (
				6A43BE4B1C95B843006EAF3F /* AppDelegate.swift */,
				6A43BE4D1C95B843006EAF3F /* ViewController.swift */,
				6A43BE4F1C95B843006EAF3F /* Main.storyboard */,
				6ABCBD2B1CA69437003DA6B0 /* FactModel.swift */,
				6A43BE521C95B843006EAF3F /* Assets.xcassets */,
				6A43BE541C95B843006EAF3F /* LaunchScreen.storyboard */,
				6A43BE571C95B843006EAF3F /* Info.plist */,
				6ABCBD2D1CA96E07003DA6B0 /* ColorModel.swift */,
			);
			path = FunFacts;
			sourceTree = "<group>";
		};
		6A43BE5F1C95B843006EAF3F /* FunFactsTests */ = {
			isa = PBXGroup;
			children = (
				6A43BE601C95B843006EAF3F /* FunFactsTests.swift */,
				6A43BE621C95B843006EAF3F /* Info.plist */,
			);
			path = FunFactsTests;
			sourceTree = "<group>";
		};
/* End PBXGroup section */

/* Begin PBXNativeTarget section */
		6A43BE471C95B843006EAF3F /* FunFacts */ = {
			isa = PBXNativeTarget;
			buildConfigurationList = 6A43BE651C95B843006EAF3F /* Build configuration list for PBXNativeTarget "FunFacts" */;
			buildPhases = (
				6A43BE441C95B843006EAF3F /* Sources */,
				6A43BE451C95B843006EAF3F /* Frameworks */,
				6A43BE461C95B843006EAF3F /* Resources */,
			);
			buildRules = (
			);
			dependencies = (
			);
			name = FunFacts;
			productName = FunFacts;
			productReference = 6A43BE481C95B843006EAF3F /* FunFacts.app */;
			productType = "com.apple.product-type.application";
		};
		6A43BE5B1C95B843006EAF3F /* FunFactsTests */ = {
			isa = PBXNativeTarget;
			buildConfigurationList = 6A43BE681C95B843006EAF3F /* Build configuration list for PBXNativeTarget "FunFactsTests" */;
			buildPhases = (
				6A43BE581C95B843006EAF3F /* Sources */,
				6A43BE591C95B843006EAF3F /* Frameworks */,
				6A43BE5A1C95B843006EAF3F /* Resources */,
			);
			buildRules = (
			);
			dependencies = (
				6A43BE5E1C95B843006EAF3F /* PBXTargetDependency */,
			);
			name = FunFactsTests;
			productName = FunFactsTests;
			productReference = 6A43BE5C1C95B843006EAF3F /* FunFactsTests.xctest */;
			productType = "com.apple.product-type.bundle.unit-test";
		};
/* End PBXNativeTarget section */

/* Begin PBXProject section */
		6A43BE401C95B843006EAF3F /* Project object */ = {
			isa = PBXProject;
			attributes = {
				LastSwiftUpdateCheck = 0720;
				LastUpgradeCheck = 0720;
				ORGANIZATIONNAME = "Wolfgang Ettlich";
				TargetAttributes = {
					6A43BE471C95B843006EAF3F = {
						CreatedOnToolsVersion = 7.2.1;
					};
					6A43BE5B1C95B843006EAF3F = {
						CreatedOnToolsVersion = 7.2.1;
						TestTargetID = 6A43BE471C95B843006EAF3F;
					};
				};
			};
			buildConfigurationList = 6A43BE431C95B843006EAF3F /* Build configuration list for PBXProject "FunFacts" */;
			compatibilityVersion = "Xcode 3.2";
			developmentRegion = English;
			hasScannedForEncodings = 0;
			knownRegions = (
				en,
				Base,
			);
			mainGroup = 6A43BE3F1C95B843006EAF3F;
			productRefGroup = 6A43BE491C95B843006EAF3F /* Products */;
			projectDirPath = "";
			projectRoot = "";
			targets = (
				6A43BE471C95B843006EAF3F /* FunFacts */,
				6A43BE5B1C95B843006EAF3F /* FunFactsTests */,
			);
		};
/* End PBXProject section */

/* Begin PBXResourcesBuildPhase section */
		6A43BE461C95B843006EAF3F /* Resources */ = {
			isa = PBXResourcesBuildPhase;
			buildActionMask = 2147483647;
			files = (
				6A43BE561C95B843006EAF3F /* LaunchScreen.storyboard in Resources */,
				6A43BE531C95B843006EAF3F /* Assets.xcassets in Resources */,
				6A43BE511C95B843006EAF3F /* Main.storyboard in Resources */,
			);
			runOnlyForDeploymentPostprocessing = 0;
		};
		6A43BE5A1C95B843006EAF3F /* Resources */ = {
			isa = PBXResourcesBuildPhase;
			buildActionMask = 2147483647;
			files = (
			);
			runOnlyForDeploymentPostprocessing = 0;
		};
/* End PBXResourcesBuildPhase section */

/* Begin PBXSourcesBuildPhase section */
		6A43BE441C95B843006EAF3F /* Sources */ = {
			isa = PBXSourcesBuildPhase;
			buildActionMask = 2147483647;
			files = (
				6ABCBD2C1CA69437003DA6B0 /* FactModel.swift in Sources */,
				6A43BE4E1C95B843006EAF3F /* ViewController.swift in Sources */,
				6A43BE4C1C95B843006EAF3F /* AppDelegate.swift in Sources */,
				6ABCBD2E1CA96E07003DA6B0 /* ColorModel.swift in Sources */,
			);
			runOnlyForDeploymentPostprocessing = 0;
		};
		6A43BE581C95B843006EAF3F /* Sources */ = {
			isa = PBXSourcesBuildPhase;
			buildActionMask = 2147483647;
			files = (
				6A43BE611C95B843006EAF3F /* FunFactsTests.swift in Sources */,
			);
			runOnlyForDeploymentPostprocessing = 0;
		};
/* End PBXSourcesBuildPhase section */

/* Begin PBXTargetDependency section */
		6A43BE5E1C95B843006EAF3F /* PBXTargetDependency */ = {
			isa = PBXTargetDependency;
			target = 6A43BE471C95B843006EAF3F /* FunFacts */;
			targetProxy = 6A43BE5D1C95B843006EAF3F /* PBXContainerItemProxy */;
		};
/* End PBXTargetDependency section */

/* Begin PBXVariantGroup section */
		6A43BE4F1C95B843006EAF3F /* Main.storyboard */ = {
			isa = PBXVariantGroup;
			children = (
				6A43BE501C95B843006EAF3F /* Base */,
			);
			name = Main.storyboard;
			sourceTree = "<group>";
		};
		6A43BE541C95B843006EAF3F /* LaunchScreen.storyboard */ = {
			isa = PBXVariantGroup;
			children = (
				6A43BE551C95B843006EAF3F /* Base */,
			);
			name = LaunchScreen.storyboard;
			sourceTree = "<group>";
		};
/* End PBXVariantGroup section */

/* Begin XCBuildConfiguration section */
		6A43BE631C95B843006EAF3F /* Debug */ = {
			isa = XCBuildConfiguration;
			buildSettings = {
				ALWAYS_SEARCH_USER_PATHS = NO;
				CLANG_CXX_LANGUAGE_STANDARD = "gnu++0x";
				CLANG_CXX_LIBRARY = "libc++";
				CLANG_ENABLE_MODULES = YES;
				CLANG_ENABLE_OBJC_ARC = YES;
				CLANG_WARN_BOOL_CONVERSION = YES;
				CLANG_WARN_CONSTANT_CONVERSION = YES;
				CLANG_WARN_DIRECT_OBJC_ISA_USAGE = YES_ERROR;
				CLANG_WARN_EMPTY_BODY = YES;
				CLANG_WARN_ENUM_CONVERSION = YES;
				CLANG_WARN_INT_CONVERSION = YES;
				CLANG_WARN_OBJC_ROOT_CLASS = YES_ERROR;
				CLANG_WARN_UNREACHABLE_CODE = YES;
				CLANG_WARN__DUPLICATE_METHOD_MATCH = YES;
				"CODE_SIGN_IDENTITY[sdk=iphoneos*]" = "iPhone Developer";
				COPY_PHASE_STRIP = NO;
				DEBUG_INFORMATION_FORMAT = dwarf;
				ENABLE_STRICT_OBJC_MSGSEND = YES;
				ENABLE_TESTABILITY = YES;
				GCC_C_LANGUAGE_STANDARD = gnu99;
				GCC_DYNAMIC_NO_PIC = NO;
				GCC_NO_COMMON_BLOCKS = YES;
				GCC_OPTIMIZATION_LEVEL = 0;
				GCC_PREPROCESSOR_DEFINITIONS = (
					"DEBUG=1",
					"$(inherited)",
				);
				GCC_WARN_64_TO_32_BIT_CONVERSION = YES;
				GCC_WARN_ABOUT_RETURN_TYPE = YES_ERROR;
				GCC_WARN_UNDECLARED_SELECTOR = YES;
				GCC_WARN_UNINITIALIZED_AUTOS = YES_AGGRESSIVE;
				GCC_WARN_UNUSED_FUNCTION = YES;
				GCC_WARN_UNUSED_VARIABLE = YES;
				IPHONEOS_DEPLOYMENT_TARGET = 9.2;
				MTL_ENABLE_DEBUG_INFO = YES;
				ONLY_ACTIVE_ARCH = YES;
				SDKROOT = iphoneos;
				SWIFT_OPTIMIZATION_LEVEL = "-Onone";
			};
			name = Debug;
		};
		6A43BE641C95B843006EAF3F /* Release */ = {
			isa = XCBuildConfiguration;
			buildSettings = {
				ALWAYS_SEARCH_USER_PATHS = NO;
				CLANG_CXX_LANGUAGE_STANDARD = "gnu++0x";
				CLANG_CXX_LIBRARY = "libc++";
				CLANG_ENABLE_MODULES = YES;
				CLANG_ENABLE_OBJC_ARC = YES;
				CLANG_WARN_BOOL_CONVERSION = YES;
				CLANG_WARN_CONSTANT_CONVERSION = YES;
				CLANG_WARN_DIRECT_OBJC_ISA_USAGE = YES_ERROR;
				CLANG_WARN_EMPTY_BODY = YES;
				CLANG_WARN_ENUM_CONVERSION = YES;
				CLANG_WARN_INT_CONVERSION = YES;
				CLANG_WARN_OBJC_ROOT_CLASS = YES_ERROR;
				CLANG_WARN_UNREACHABLE_CODE = YES;
				CLANG_WARN__DUPLICATE_METHOD_MATCH = YES;
				"CODE_SIGN_IDENTITY[sdk=iphoneos*]" = "iPhone Developer";
				COPY_PHASE_STRIP = NO;
				DEBUG_INFORMATION_FORMAT = "dwarf-with-dsym";
				ENABLE_NS_ASSERTIONS = NO;
				ENABLE_STRICT_OBJC_MSGSEND = YES;
				GCC_C_LANGUAGE_STANDARD = gnu99;
				GCC_NO_COMMON_BLOCKS = YES;
				GCC_WARN_64_TO_32_BIT_CONVERSION = YES;
				GCC_WARN_ABOUT_RETURN_TYPE = YES_ERROR;
				GCC_WARN_UNDECLARED_SELECTOR = YES;
				GCC_WARN_UNINITIALIZED_AUTOS = YES_AGGRESSIVE;
				GCC_WARN_UNUSED_FUNCTION = YES;
				GCC_WARN_UNUSED_VARIABLE = YES;
				IPHONEOS_DEPLOYMENT_TARGET = 9.2;
				MTL_ENABLE_DEBUG_INFO = NO;
				SDKROOT = iphoneos;
				VALIDATE_PRODUCT = YES;
			};
			name = Release;
		};
		6A43BE661C95B843006EAF3F /* Debug */ = {
			isa = XCBuildConfiguration;
			buildSettings = {
				ASSETCATALOG_COMPILER_APPICON_NAME = AppIcon;
				INFOPLIST_FILE = FunFacts/Info.plist;
				LD_RUNPATH_SEARCH_PATHS = "$(inherited) @executable_path/Frameworks";
				PRODUCT_BUNDLE_IDENTIFIER = COM.EDPRES.FunFacts;
				PRODUCT_NAME = "$(TARGET_NAME)";
			};
			name = Debug;
		};
		6A43BE671C95B843006EAF3F /* Release */ = {
			isa = XCBuildConfiguration;
			buildSettings = {
				ASSETCATALOG_COMPILER_APPICON_NAME = AppIcon;
				INFOPLIST_FILE = FunFacts/Info.plist;
				LD_RUNPATH_SEARCH_PATHS = "$(inherited) @executable_path/Frameworks";
				PRODUCT_BUNDLE_IDENTIFIER = COM.EDPRES.FunFacts;
				PRODUCT_NAME = "$(TARGET_NAME)";
			};
			name = Release;
		};
		6A43BE691C95B843006EAF3F /* Debug */ = {
			isa = XCBuildConfiguration;
			buildSettings = {
				BUNDLE_LOADER = "$(TEST_HOST)";
				INFOPLIST_FILE = FunFactsTests/Info.plist;
				LD_RUNPATH_SEARCH_PATHS = "$(inherited) @executable_path/Frameworks @loader_path/Frameworks";
				PRODUCT_BUNDLE_IDENTIFIER = COM.EDPRES.FunFactsTests;
				PRODUCT_NAME = "$(TARGET_NAME)";
				TEST_HOST = "$(BUILT_PRODUCTS_DIR)/FunFacts.app/FunFacts";
			};
			name = Debug;
		};
		6A43BE6A1C95B843006EAF3F /* Release */ = {
			isa = XCBuildConfiguration;
			buildSettings = {
				BUNDLE_LOADER = "$(TEST_HOST)";
				INFOPLIST_FILE = FunFactsTests/Info.plist;
				LD_RUNPATH_SEARCH_PATHS = "$(inherited) @executable_path/Frameworks @loader_path/Frameworks";
				PRODUCT_BUNDLE_IDENTIFIER = COM.EDPRES.FunFactsTests;
				PRODUCT_NAME = "$(TARGET_NAME)";
				TEST_HOST = "$(BUILT_PRODUCTS_DIR)/FunFacts.app/FunFacts";
			};
			name = Release;
		};
/* End XCBuildConfiguration section */

/* Begin XCConfigurationList section */
		6A43BE431C95B843006EAF3F /* Build configuration list for PBXProject "FunFacts" */ = {
			isa = XCConfigurationList;
			buildConfigurations = (
				6A43BE631C95B843006EAF3F /* Debug */,
				6A43BE641C95B843006EAF3F /* Release */,
			);
			defaultConfigurationIsVisible = 0;
			defaultConfigurationName = Release;
		};
		6A43BE651C95B843006EAF3F /* Build configuration list for PBXNativeTarget "FunFacts" */ = {
			isa = XCConfigurationList;
			buildConfigurations = (
				6A43BE661C95B843006EAF3F /* Debug */,
				6A43BE671C95B843006EAF3F /* Release */,
			);
			defaultConfigurationIsVisible = 0;
			defaultConfigurationName = Release;
		};
		6A43BE681C95B843006EAF3F /* Build configuration list for PBXNativeTarget "FunFactsTests" */ = {
			isa = XCConfigurationList;
			buildConfigurations = (
				6A43BE691C95B843006EAF3F /* Debug */,
				6A43BE6A1C95B843006EAF3F /* Release */,
			);
			defaultConfigurationIsVisible = 0;
			defaultConfigurationName = Release;
		};
/* End XCConfigurationList section */
	};
	rootObject = 6A43BE401C95B843006EAF3F /* Project object */;
}
